
Microsoft Visual Studio Solution File, Format Version 12.00
# Visual Studio 15
VisualStudioVersion = 15.0.28010.2046
MinimumVisualStudioVersion = 10.0.40219.1
Project("{FAE04EC0-301F-11D3-BF4B-00C04F79EFBC}") = "IntergerTypes", "IntergerTypes\IntergerTypes.csproj", "{414C008E-0B08-4D82-AA9F-A73906E1318B}"
EndProject
Project("{FAE04EC0-301F-11D3-BF4B-00C04F79EFBC}") = "RealFloatingPoint", "RealFloatingPoint\RealFloatingPoint.csproj", "{C42E917D-D795-4E6B-974F-BC80DD0C40C3}"
EndProject
Project("{FAE04EC0-301F-11D3-BF4B-00C04F79EFBC}") = "BooleanType", "BooleanType\BooleanType.csproj", "{14572C94-12A4-487C-85DF-EBF6420F4B1E}"
EndProject
Project("{FAE04EC0-301F-11D3-BF4B-00C04F79EFBC}") = "CharType", "CharType\CharType.csproj", "{222FC19B-3444-4397-A83F-871BEFA44FDF}"
EndProject
Project("{FAE04EC0-301F-11D3-BF4B-00C04F79EFBC}") = "StringType", "StringType\StringType.csproj", "{466FBCAA-9F07-4A4C-ADB9-8A6315C0CF3B}"
EndProject
Project("{FAE04EC0-301F-11D3-BF4B-00C04F79EFBC}") = "ObjectType", "ObjectType\ObjectType.csproj", "{386269EE-8043-4633-97A7-22ED1683A3D7}"
EndProject
Project("{FAE04EC0-301F-11D3-BF4B-00C04F79EFBC}") = "NullableType", "NullableType\NullableType.csproj", "{5E85B405-92A9-468C-ADD0-A72F61F2F8BC}"
EndProject
Project("{FAE04EC0-301F-11D3-BF4B-00C04F79EFBC}") = "Variables", "Variables\Variables.csproj", "{4ED2C8DF-3C6C-4AB4-89A6-B0D4424CEF68}"
EndProject
Project("{FAE04EC0-301F-11D3-BF4B-00C04F79EFBC}") = "Literals", "Literals\Literals.csproj", "{5BABF4E7-FE5B-4895-AB8D-BECB1564970B}"
EndProject
Global
	GlobalSection(SolutionConfigurationPlatforms) = preSolution
		Debug|Any CPU = Debug|Any CPU
		Release|Any CPU = Release|Any CPU
	EndGlobalSection
	GlobalSection(ProjectConfigurationPlatforms) = postSolution
		{414C008E-0B08-4D82-AA9F-A73906E1318B}.Debug|Any CPU.ActiveCfg = Debug|Any CPU
		{414C008E-0B08-4D82-AA9F-A73906E1318B}.Debug|Any CPU.Build.0 = Debug|Any CPU
		{414C008E-0B08-4D82-AA9F-A73906E1318B}.Release|Any CPU.ActiveCfg = Release|Any CPU
		{414C008E-0B08-4D82-AA9F-A73906E1318B}.Release|Any CPU.Build.0 = Release|Any CPU
		{C42E917D-D795-4E6B-974F-BC80DD0C40C3}.Debug|Any CPU.ActiveCfg = Debug|Any CPU
		{C42E917D-D795-4E6B-974F-BC80DD0C40C3}.Debug|Any CPU.Build.0 = Debug|Any CPU
		{C42E917D-D795-4E6B-974F-BC80DD0C40C3}.Release|Any CPU.ActiveCfg = Release|Any CPU
		{C42E917D-D795-4E6B-974F-BC80DD0C40C3}.Release|Any CPU.Build.0 = Release|Any CPU
		{14572C94-12A4-487C-85DF-EBF6420F4B1E}.Debug|Any CPU.ActiveCfg = Debug|Any CPU
		{14572C94-12A4-487C-85DF-EBF6420F4B1E}.Debug|Any CPU.Build.0 = Debug|Any CPU
		{14572C94-12A4-487C-85DF-EBF6420F4B1E}.Release|Any CPU.ActiveCfg = Release|Any CPU
		{14572C94-12A4-487C-85DF-EBF6420F4B1E}.Release|Any CPU.Build.0 = Release|Any CPU
		{222FC19B-3444-4397-A83F-871BEFA44FDF}.Debug|Any CPU.ActiveCfg = Debug|Any CPU
		{222FC19B-3444-4397-A83F-871BEFA44FDF}.Debug|Any CPU.Build.0 = Debug|Any CPU
		{222FC19B-3444-4397-A83F-871BEFA44FDF}.Release|Any CPU.ActiveCfg = Release|Any CPU
		{222FC19B-3444-4397-A83F-871BEFA44FDF}.Release|Any CPU.Build.0 = Release|Any CPU
		{466FBCAA-9F07-4A4C-ADB9-8A6315C0CF3B}.Debug|Any CPU.ActiveCfg = Debug|Any CPU
		{466FBCAA-9F07-4A4C-ADB9-8A6315C0CF3B}.Debug|Any CPU.Build.0 = Debug|Any CPU
		{466FBCAA-9F07-4A4C-ADB9-8A6315C0CF3B}.Release|Any CPU.ActiveCfg = Release|Any CPU
		{466FBCAA-9F07-4A4C-ADB9-8A6315C0CF3B}.Release|Any CPU.Build.0 = Release|Any CPU
		{386269EE-8043-4633-97A7-22ED1683A3D7}.Debug|Any CPU.ActiveCfg = Debug|Any CPU
		{386269EE-8043-4633-97A7-22ED1683A3D7}.Debug|Any CPU.Build.0 = Debug|Any CPU
		{386269EE-8043-4633-97A7-22ED1683A3D7}.Release|Any CPU.ActiveCfg = Release|Any CPU
		{386269EE-8043-4633-97A7-22ED1683A3D7}.Release|Any CPU.Build.0 = Release|Any CPU
		{5E85B405-92A9-468C-ADD0-A72F61F2F8BC}.Debug|Any CPU.ActiveCfg = Debug|Any CPU
		{5E85B405-92A9-468C-ADD0-A72F61F2F8BC}.Debug|Any CPU.Build.0 = Debug|Any CPU
		{5E85B405-92A9-468C-ADD0-A72F61F2F8BC}.Release|Any CPU.ActiveCfg = Release|Any CPU
		{5E85B405-92A9-468C-ADD0-A72F61F2F8BC}.Release|Any CPU.Build.0 = Release|Any CPU
		{4ED2C8DF-3C6C-4AB4-89A6-B0D4424CEF68}.Debug|Any CPU.ActiveCfg = Debug|Any CPU
		{4ED2C8DF-3C6C-4AB4-89A6-B0D4424CEF68}.Debug|Any CPU.Build.0 = Debug|Any CPU
		{4ED2C8DF-3C6C-4AB4-89A6-B0D4424CEF68}.Release|Any CPU.ActiveCfg = Release|Any CPU
		{4ED2C8DF-3C6C-4AB4-89A6-B0D4424CEF68}.Release|Any CPU.Build.0 = Release|Any CPU
		{5BABF4E7-FE5B-4895-AB8D-BECB1564970B}.Debug|Any CPU.ActiveCfg = Debug|Any CPU
		{5BABF4E7-FE5B-4895-AB8D-BECB1564970B}.Debug|Any CPU.Build.0 = Debug|Any CPU
		{5BABF4E7-FE5B-4895-AB8D-BECB1564970B}.Release|Any CPU.ActiveCfg = Release|Any CPU
		{5BABF4E7-FE5B-4895-AB8D-BECB1564970B}.Release|Any CPU.Build.0 = Release|Any CPU
	EndGlobalSection
	GlobalSection(SolutionProperties) = preSolution
		HideSolutionNode = FALSE
	EndGlobalSection
	GlobalSection(ExtensibilityGlobals) = postSolution
		SolutionGuid = {EE06C21A-A087-483B-9B16-CE752A1A479E}
	EndGlobalSection
EndGlobal
